
Microsoft Visual Studio Solution File, Format Version 12.00
# Visual Studio Version 16
VisualStudioVersion = 16.0.30320.27
MinimumVisualStudioVersion = 10.0.40219.1
Project("{FAE04EC0-301F-11D3-BF4B-00C04F79EFBC}") = "eShop.WebApp", "eShop.WebApp\eShop.WebApp.csproj", "{AECEFECA-9218-43E1-B037-7FD44A97D577}"
EndProject
Global
	GlobalSection(SolutionConfigurationPlatforms) = preSolution
		Debug|Any CPU = Debug|Any CPU
		Release|Any CPU = Release|Any CPU
	EndGlobalSection
	GlobalSection(ProjectConfigurationPlatforms) = postSolution
		{AECEFECA-9218-43E1-B037-7FD44A97D577}.Debug|Any CPU.ActiveCfg = Debug|Any CPU
		{AECEFECA-9218-43E1-B037-7FD44A97D577}.Debug|Any CPU.Build.0 = Debug|Any CPU
		{AECEFECA-9218-43E1-B037-7FD44A97D577}.Release|Any CPU.ActiveCfg = Release|Any CPU
		{AECEFECA-9218-43E1-B037-7FD44A97D577}.Release|Any CPU.Build.0 = Release|Any CPU
	EndGlobalSection
	GlobalSection(SolutionProperties) = preSolution
		HideSolutionNode = FALSE
	EndGlobalSection
	GlobalSection(ExtensibilityGlobals) = postSolution
		SolutionGuid = {3C10D274-DA35-4C67-89FC-29867F8917BE}
	EndGlobalSection
EndGlobal
